// !$*UTF8*$!
{
	archiveVersion = 1;
	classes = {
	};
	objectVersion = 50;
	objects = {

/* Begin PBXBuildFile section */
		8605FC1A2282218400B27906 /* AppDelegate.swift in Sources */ = {isa = PBXBuildFile; fileRef = 8605FC192282218400B27906 /* AppDelegate.swift */; };
		8605FC1C2282218400B27906 /* ViewController.swift in Sources */ = {isa = PBXBuildFile; fileRef = 8605FC1B2282218400B27906 /* ViewController.swift */; };
		8605FC1F2282218400B27906 /* Main.storyboard in Resources */ = {isa = PBXBuildFile; fileRef = 8605FC1D2282218400B27906 /* Main.storyboard */; };
		8605FC212282218600B27906 /* Assets.xcassets in Resources */ = {isa = PBXBuildFile; fileRef = 8605FC202282218600B27906 /* Assets.xcassets */; };
		8605FC242282218600B27906 /* LaunchScreen.storyboard in Resources */ = {isa = PBXBuildFile; fileRef = 8605FC222282218600B27906 /* LaunchScreen.storyboard */; };
		8605FC2C2282281B00B27906 /* Graph.swift in Sources */ = {isa = PBXBuildFile; fileRef = 8605FC2B2282281B00B27906 /* Graph.swift */; };
		866464412282874700F09F48 /* DataService.swift in Sources */ = {isa = PBXBuildFile; fileRef = 866464402282874700F09F48 /* DataService.swift */; };
		866464432282878100F09F48 /* Airline.swift in Sources */ = {isa = PBXBuildFile; fileRef = 866464422282878100F09F48 /* Airline.swift */; };
		86646445228287D500F09F48 /* Airport.swift in Sources */ = {isa = PBXBuildFile; fileRef = 86646444228287D500F09F48 /* Airport.swift */; };
		866464472282886E00F09F48 /* Route.swift in Sources */ = {isa = PBXBuildFile; fileRef = 866464462282886E00F09F48 /* Route.swift */; };
		8664644922828F5E00F09F48 /* Data in Resources */ = {isa = PBXBuildFile; fileRef = 8664644822828F5D00F09F48 /* Data */; };
		8664644B22831CBA00F09F48 /* AirportPathFinder.swift in Sources */ = {isa = PBXBuildFile; fileRef = 8664644A22831CBA00F09F48 /* AirportPathFinder.swift */; };
		8664644E22837D9D00F09F48 /* Heap.swift in Sources */ = {isa = PBXBuildFile; fileRef = 8664644D22837D9D00F09F48 /* Heap.swift */; };
		866464502283879300F09F48 /* PriorityQueue.swift in Sources */ = {isa = PBXBuildFile; fileRef = 8664644F2283879300F09F48 /* PriorityQueue.swift */; };
		98B6A2304DF0612710AC6E49 /* Pods_RoutesApp.framework in Frameworks */ = {isa = PBXBuildFile; fileRef = A95C100E57EA498D7E8596DF /* Pods_RoutesApp.framework */; };
/* End PBXBuildFile section */

/* Begin PBXFileReference section */
		8605FC162282218400B27906 /* RoutesApp.app */ = {isa = PBXFileReference; explicitFileType = wrapper.application; includeInIndex = 0; path = RoutesApp.app; sourceTree = BUILT_PRODUCTS_DIR; };
		8605FC192282218400B27906 /* AppDelegate.swift */ = {isa = PBXFileReference; lastKnownFileType = sourcecode.swift; path = AppDelegate.swift; sourceTree = "<group>"; };
		8605FC1B2282218400B27906 /* ViewController.swift */ = {isa = PBXFileReference; lastKnownFileType = sourcecode.swift; path = ViewController.swift; sourceTree = "<group>"; };
		8605FC1E2282218400B27906 /* Base */ = {isa = PBXFileReference; lastKnownFileType = file.storyboard; name = Base; path = Base.lproj/Main.storyboard; sourceTree = "<group>"; };
		8605FC202282218600B27906 /* Assets.xcassets */ = {isa = PBXFileReference; lastKnownFileType = folder.assetcatalog; path = Assets.xcassets; sourceTree = "<group>"; };
		8605FC232282218600B27906 /* Base */ = {isa = PBXFileReference; lastKnownFileType = file.storyboard; name = Base; path = Base.lproj/LaunchScreen.storyboard; sourceTree = "<group>"; };
		8605FC252282218600B27906 /* Info.plist */ = {isa = PBXFileReference; lastKnownFileType = text.plist.xml; path = Info.plist; sourceTree = "<group>"; };
		8605FC2B2282281B00B27906 /* Graph.swift */ = {isa = PBXFileReference; lastKnownFileType = sourcecode.swift; path = Graph.swift; sourceTree = "<group>"; };
		866464402282874700F09F48 /* DataService.swift */ = {isa = PBXFileReference; lastKnownFileType = sourcecode.swift; path = DataService.swift; sourceTree = "<group>"; };
		866464422282878100F09F48 /* Airline.swift */ = {isa = PBXFileReference; lastKnownFileType = sourcecode.swift; path = Airline.swift; sourceTree = "<group>"; };
		86646444228287D500F09F48 /* Airport.swift */ = {isa = PBXFileReference; lastKnownFileType = sourcecode.swift; path = Airport.swift; sourceTree = "<group>"; };
		866464462282886E00F09F48 /* Route.swift */ = {isa = PBXFileReference; lastKnownFileType = sourcecode.swift; path = Route.swift; sourceTree = "<group>"; };
		8664644822828F5D00F09F48 /* Data */ = {isa = PBXFileReference; lastKnownFileType = folder; path = Data; sourceTree = "<group>"; };
		8664644A22831CBA00F09F48 /* AirportPathFinder.swift */ = {isa = PBXFileReference; lastKnownFileType = sourcecode.swift; path = AirportPathFinder.swift; sourceTree = "<group>"; };
		8664644D22837D9D00F09F48 /* Heap.swift */ = {isa = PBXFileReference; lastKnownFileType = sourcecode.swift; path = Heap.swift; sourceTree = "<group>"; };
		8664644F2283879300F09F48 /* PriorityQueue.swift */ = {isa = PBXFileReference; lastKnownFileType = sourcecode.swift; path = PriorityQueue.swift; sourceTree = "<group>"; };
		A95C100E57EA498D7E8596DF /* Pods_RoutesApp.framework */ = {isa = PBXFileReference; explicitFileType = wrapper.framework; includeInIndex = 0; path = Pods_RoutesApp.framework; sourceTree = BUILT_PRODUCTS_DIR; };
		AF29C7D97703B3EAF3E34B7E /* Pods-RoutesApp.release.xcconfig */ = {isa = PBXFileReference; includeInIndex = 1; lastKnownFileType = text.xcconfig; name = "Pods-RoutesApp.release.xcconfig"; path = "Pods/Target Support Files/Pods-RoutesApp/Pods-RoutesApp.release.xcconfig"; sourceTree = "<group>"; };
		F77DA52C45A0BCE4132D9BD1 /* Pods-RoutesApp.debug.xcconfig */ = {isa = PBXFileReference; includeInIndex = 1; lastKnownFileType = text.xcconfig; name = "Pods-RoutesApp.debug.xcconfig"; path = "Pods/Target Support Files/Pods-RoutesApp/Pods-RoutesApp.debug.xcconfig"; sourceTree = "<group>"; };
/* End PBXFileReference section */

/* Begin PBXFrameworksBuildPhase section */
		8605FC132282218400B27906 /* Frameworks */ = {
			isa = PBXFrameworksBuildPhase;
			buildActionMask = 2147483647;
			files = (
				98B6A2304DF0612710AC6E49 /* Pods_RoutesApp.framework in Frameworks */,
			);
			runOnlyForDeploymentPostprocessing = 0;
		};
/* End PBXFrameworksBuildPhase section */

/* Begin PBXGroup section */
		31250065A746C66A915D3B3E /* Pods */ = {
			isa = PBXGroup;
			children = (
				F77DA52C45A0BCE4132D9BD1 /* Pods-RoutesApp.debug.xcconfig */,
				AF29C7D97703B3EAF3E34B7E /* Pods-RoutesApp.release.xcconfig */,
			);
			name = Pods;
			sourceTree = "<group>";
		};
		8605FC0D2282218400B27906 = {
			isa = PBXGroup;
			children = (
				8605FC182282218400B27906 /* RoutesApp */,
				8605FC172282218400B27906 /* Products */,
				31250065A746C66A915D3B3E /* Pods */,
				E02142138742E722C3A6C097 /* Frameworks */,
			);
			sourceTree = "<group>";
		};
		8605FC172282218400B27906 /* Products */ = {
			isa = PBXGroup;
			children = (
				8605FC162282218400B27906 /* RoutesApp.app */,
			);
			name = Products;
			sourceTree = "<group>";
		};
		8605FC182282218400B27906 /* RoutesApp */ = {
			isa = PBXGroup;
			children = (
				8664644822828F5D00F09F48 /* Data */,
				8664643F2282873800F09F48 /* Model */,
				8664643E2282865900F09F48 /* Graph */,
				8605FC192282218400B27906 /* AppDelegate.swift */,
				8605FC1B2282218400B27906 /* ViewController.swift */,
				8605FC1D2282218400B27906 /* Main.storyboard */,
				8605FC202282218600B27906 /* Assets.xcassets */,
				8605FC222282218600B27906 /* LaunchScreen.storyboard */,
				8605FC252282218600B27906 /* Info.plist */,
			);
			path = RoutesApp;
			sourceTree = "<group>";
		};
		8664643E2282865900F09F48 /* Graph */ = {
			isa = PBXGroup;
			children = (
				8605FC2B2282281B00B27906 /* Graph.swift */,
				8664644A22831CBA00F09F48 /* AirportPathFinder.swift */,
				8664644D22837D9D00F09F48 /* Heap.swift */,
				8664644F2283879300F09F48 /* PriorityQueue.swift */,
			);
			path = Graph;
			sourceTree = "<group>";
		};
		8664643F2282873800F09F48 /* Model */ = {
			isa = PBXGroup;
			children = (
				866464402282874700F09F48 /* DataService.swift */,
				866464422282878100F09F48 /* Airline.swift */,
				86646444228287D500F09F48 /* Airport.swift */,
				866464462282886E00F09F48 /* Route.swift */,
			);
			path = Model;
			sourceTree = "<group>";
		};
		E02142138742E722C3A6C097 /* Frameworks */ = {
			isa = PBXGroup;
			children = (
				A95C100E57EA498D7E8596DF /* Pods_RoutesApp.framework */,
			);
			name = Frameworks;
			sourceTree = "<group>";
		};
/* End PBXGroup section */

/* Begin PBXNativeTarget section */
		8605FC152282218400B27906 /* RoutesApp */ = {
			isa = PBXNativeTarget;
			buildConfigurationList = 8605FC282282218600B27906 /* Build configuration list for PBXNativeTarget "RoutesApp" */;
			buildPhases = (
				F5B720497284F3021195BAE1 /* [CP] Check Pods Manifest.lock */,
				8605FC122282218400B27906 /* Sources */,
				8605FC132282218400B27906 /* Frameworks */,
				8605FC142282218400B27906 /* Resources */,
				8BC746BC5F2D68D4F57A05BD /* [CP] Embed Pods Frameworks */,
				5BFED850B1EEF3D0473634E2 /* [CP] Copy Pods Resources */,
			);
			buildRules = (
			);
			dependencies = (
			);
			name = RoutesApp;
			productName = RoutesApp;
			productReference = 8605FC162282218400B27906 /* RoutesApp.app */;
			productType = "com.apple.product-type.application";
		};
/* End PBXNativeTarget section */

/* Begin PBXProject section */
		8605FC0E2282218400B27906 /* Project object */ = {
			isa = PBXProject;
			attributes = {
				LastSwiftUpdateCheck = 1010;
				LastUpgradeCheck = 1010;
				ORGANIZATIONNAME = "Michael Chung";
				TargetAttributes = {
					8605FC152282218400B27906 = {
						CreatedOnToolsVersion = 10.1;
					};
				};
			};
			buildConfigurationList = 8605FC112282218400B27906 /* Build configuration list for PBXProject "RoutesApp" */;
			compatibilityVersion = "Xcode 9.3";
			developmentRegion = en;
			hasScannedForEncodings = 0;
			knownRegions = (
				en,
				Base,
			);
			mainGroup = 8605FC0D2282218400B27906;
			productRefGroup = 8605FC172282218400B27906 /* Products */;
			projectDirPath = "";
			projectRoot = "";
			targets = (
				8605FC152282218400B27906 /* RoutesApp */,
			);
		};
/* End PBXProject section */

/* Begin PBXResourcesBuildPhase section */
		8605FC142282218400B27906 /* Resources */ = {
			isa = PBXResourcesBuildPhase;
			buildActionMask = 2147483647;
			files = (
				8605FC242282218600B27906 /* LaunchScreen.storyboard in Resources */,
				8605FC212282218600B27906 /* Assets.xcassets in Resources */,
				8664644922828F5E00F09F48 /* Data in Resources */,
				8605FC1F2282218400B27906 /* Main.storyboard in Resources */,
			);
			runOnlyForDeploymentPostprocessing = 0;
		};
/* End PBXResourcesBuildPhase section */

/* Begin PBXShellScriptBuildPhase section */
		5BFED850B1EEF3D0473634E2 /* [CP] Copy Pods Resources */ = {
			isa = PBXShellScriptBuildPhase;
			buildActionMask = 2147483647;
			files = (
			);
			inputPaths = (
			);
			name = "[CP] Copy Pods Resources";
			outputPaths = (
			);
			runOnlyForDeploymentPostprocessing = 0;
			shellPath = /bin/sh;
			shellScript = "\"${SRCROOT}/Pods/Target Support Files/Pods-RoutesApp/Pods-RoutesApp-resources.sh\"\n";
			showEnvVarsInLog = 0;
		};
		8BC746BC5F2D68D4F57A05BD /* [CP] Embed Pods Frameworks */ = {
			isa = PBXShellScriptBuildPhase;
			buildActionMask = 2147483647;
			files = (
			);
			inputPaths = (
				"${SRCROOT}/Pods/Target Support Files/Pods-RoutesApp/Pods-RoutesApp-frameworks.sh",
				"${BUILT_PRODUCTS_DIR}/PromisesObjC/FBLPromises.framework",
				"${BUILT_PRODUCTS_DIR}/PromisesSwift/Promises.framework",
			);
			name = "[CP] Embed Pods Frameworks";
			outputPaths = (
				"${TARGET_BUILD_DIR}/${FRAMEWORKS_FOLDER_PATH}/FBLPromises.framework",
				"${TARGET_BUILD_DIR}/${FRAMEWORKS_FOLDER_PATH}/Promises.framework",
			);
			runOnlyForDeploymentPostprocessing = 0;
			shellPath = /bin/sh;
			shellScript = "\"${SRCROOT}/Pods/Target Support Files/Pods-RoutesApp/Pods-RoutesApp-frameworks.sh\"\n";
			showEnvVarsInLog = 0;
		};
		F5B720497284F3021195BAE1 /* [CP] Check Pods Manifest.lock */ = {
			isa = PBXShellScriptBuildPhase;
			buildActionMask = 2147483647;
			files = (
			);
			inputPaths = (
				"${PODS_PODFILE_DIR_PATH}/Podfile.lock",
				"${PODS_ROOT}/Manifest.lock",
			);
			name = "[CP] Check Pods Manifest.lock";
			outputPaths = (
				"$(DERIVED_FILE_DIR)/Pods-RoutesApp-checkManifestLockResult.txt",
			);
			runOnlyForDeploymentPostprocessing = 0;
			shellPath = /bin/sh;
			shellScript = "diff \"${PODS_PODFILE_DIR_PATH}/Podfile.lock\" \"${PODS_ROOT}/Manifest.lock\" > /dev/null\nif [ $? != 0 ] ; then\n    # print error to STDERR\n    echo \"error: The sandbox is not in sync with the Podfile.lock. Run 'pod install' or update your CocoaPods installation.\" >&2\n    exit 1\nfi\n# This output is used by Xcode 'outputs' to avoid re-running this script phase.\necho \"SUCCESS\" > \"${SCRIPT_OUTPUT_FILE_0}\"\n";
			showEnvVarsInLog = 0;
		};
/* End PBXShellScriptBuildPhase section */

/* Begin PBXSourcesBuildPhase section */
		8605FC122282218400B27906 /* Sources */ = {
			isa = PBXSourcesBuildPhase;
			buildActionMask = 2147483647;
			files = (
				8664644E22837D9D00F09F48 /* Heap.swift in Sources */,
				8664644B22831CBA00F09F48 /* AirportPathFinder.swift in Sources */,
				8605FC2C2282281B00B27906 /* Graph.swift in Sources */,
				8605FC1C2282218400B27906 /* ViewController.swift in Sources */,
				8605FC1A2282218400B27906 /* AppDelegate.swift in Sources */,
				866464432282878100F09F48 /* Airline.swift in Sources */,
				866464412282874700F09F48 /* DataService.swift in Sources */,
				866464502283879300F09F48 /* PriorityQueue.swift in Sources */,
				866464472282886E00F09F48 /* Route.swift in Sources */,
				86646445228287D500F09F48 /* Airport.swift in Sources */,
			);
			runOnlyForDeploymentPostprocessing = 0;
		};
/* End PBXSourcesBuildPhase section */

/* Begin PBXVariantGroup section */
		8605FC1D2282218400B27906 /* Main.storyboard */ = {
			isa = PBXVariantGroup;
			children = (
				8605FC1E2282218400B27906 /* Base */,
			);
			name = Main.storyboard;
			sourceTree = "<group>";
		};
		8605FC222282218600B27906 /* LaunchScreen.storyboard */ = {
			isa = PBXVariantGroup;
			children = (
				8605FC232282218600B27906 /* Base */,
			);
			name = LaunchScreen.storyboard;
			sourceTree = "<group>";
		};
/* End PBXVariantGroup section */

/* Begin XCBuildConfiguration section */
		8605FC262282218600B27906 /* Debug */ = {
			isa = XCBuildConfiguration;
			buildSettings = {
				ALWAYS_SEARCH_USER_PATHS = NO;
				CLANG_ANALYZER_NONNULL = YES;
				CLANG_ANALYZER_NUMBER_OBJECT_CONVERSION = YES_AGGRESSIVE;
				CLANG_CXX_LANGUAGE_STANDARD = "gnu++14";
				CLANG_CXX_LIBRARY = "libc++";
				CLANG_ENABLE_MODULES = YES;
				CLANG_ENABLE_OBJC_ARC = YES;
				CLANG_ENABLE_OBJC_WEAK = YES;
				CLANG_WARN_BLOCK_CAPTURE_AUTORELEASING = YES;
				CLANG_WARN_BOOL_CONVERSION = YES;
				CLANG_WARN_COMMA = YES;
				CLANG_WARN_CONSTANT_CONVERSION = YES;
				CLANG_WARN_DEPRECATED_OBJC_IMPLEMENTATIONS = YES;
				CLANG_WARN_DIRECT_OBJC_ISA_USAGE = YES_ERROR;
				CLANG_WARN_DOCUMENTATION_COMMENTS = YES;
				CLANG_WARN_EMPTY_BODY = YES;
				CLANG_WARN_ENUM_CONVERSION = YES;
				CLANG_WARN_INFINITE_RECURSION = YES;
				CLANG_WARN_INT_CONVERSION = YES;
				CLANG_WARN_NON_LITERAL_NULL_CONVERSION = YES;
				CLANG_WARN_OBJC_IMPLICIT_RETAIN_SELF = YES;
				CLANG_WARN_OBJC_LITERAL_CONVERSION = YES;
				CLANG_WARN_OBJC_ROOT_CLASS = YES_ERROR;
				CLANG_WARN_RANGE_LOOP_ANALYSIS = YES;
				CLANG_WARN_STRICT_PROTOTYPES = YES;
				CLANG_WARN_SUSPICIOUS_MOVE = YES;
				CLANG_WARN_UNGUARDED_AVAILABILITY = YES_AGGRESSIVE;
				CLANG_WARN_UNREACHABLE_CODE = YES;
				CLANG_WARN__DUPLICATE_METHOD_MATCH = YES;
				CODE_SIGN_IDENTITY = "iPhone Developer";
				COPY_PHASE_STRIP = NO;
				DEBUG_INFORMATION_FORMAT = dwarf;
				ENABLE_STRICT_OBJC_MSGSEND = YES;
				ENABLE_TESTABILITY = YES;
				GCC_C_LANGUAGE_STANDARD = gnu11;
				GCC_DYNAMIC_NO_PIC = NO;
				GCC_NO_COMMON_BLOCKS = YES;
				GCC_OPTIMIZATION_LEVEL = 0;
				GCC_PREPROCESSOR_DEFINITIONS = (
					"DEBUG=1",
					"$(inherited)",
				);
				GCC_WARN_64_TO_32_BIT_CONVERSION = YES;
				GCC_WARN_ABOUT_RETURN_TYPE = YES_ERROR;
				GCC_WARN_UNDECLARED_SELECTOR = YES;
				GCC_WARN_UNINITIALIZED_AUTOS = YES_AGGRESSIVE;
				GCC_WARN_UNUSED_FUNCTION = YES;
				GCC_WARN_UNUSED_VARIABLE = YES;
				IPHONEOS_DEPLOYMENT_TARGET = 12.1;
				MTL_ENABLE_DEBUG_INFO = INCLUDE_SOURCE;
				MTL_FAST_MATH = YES;
				ONLY_ACTIVE_ARCH = YES;
				SDKROOT = iphoneos;
				SWIFT_ACTIVE_COMPILATION_CONDITIONS = DEBUG;
				SWIFT_OPTIMIZATION_LEVEL = "-Onone";
			};
			name = Debug;
		};
		8605FC272282218600B27906 /* Release */ = {
			isa = XCBuildConfiguration;
			buildSettings = {
				ALWAYS_SEARCH_USER_PATHS = NO;
				CLANG_ANALYZER_NONNULL = YES;
				CLANG_ANALYZER_NUMBER_OBJECT_CONVERSION = YES_AGGRESSIVE;
				CLANG_CXX_LANGUAGE_STANDARD = "gnu++14";
				CLANG_CXX_LIBRARY = "libc++";
				CLANG_ENABLE_MODULES = YES;
				CLANG_ENABLE_OBJC_ARC = YES;
				CLANG_ENABLE_OBJC_WEAK = YES;
				CLANG_WARN_BLOCK_CAPTURE_AUTORELEASING = YES;
				CLANG_WARN_BOOL_CONVERSION = YES;
				CLANG_WARN_COMMA = YES;
				CLANG_WARN_CONSTANT_CONVERSION = YES;
				CLANG_WARN_DEPRECATED_OBJC_IMPLEMENTATIONS = YES;
				CLANG_WARN_DIRECT_OBJC_ISA_USAGE = YES_ERROR;
				CLANG_WARN_DOCUMENTATION_COMMENTS = YES;
				CLANG_WARN_EMPTY_BODY = YES;
				CLANG_WARN_ENUM_CONVERSION = YES;
				CLANG_WARN_INFINITE_RECURSION = YES;
				CLANG_WARN_INT_CONVERSION = YES;
				CLANG_WARN_NON_LITERAL_NULL_CONVERSION = YES;
				CLANG_WARN_OBJC_IMPLICIT_RETAIN_SELF = YES;
				CLANG_WARN_OBJC_LITERAL_CONVERSION = YES;
				CLANG_WARN_OBJC_ROOT_CLASS = YES_ERROR;
				CLANG_WARN_RANGE_LOOP_ANALYSIS = YES;
				CLANG_WARN_STRICT_PROTOTYPES = YES;
				CLANG_WARN_SUSPICIOUS_MOVE = YES;
				CLANG_WARN_UNGUARDED_AVAILABILITY = YES_AGGRESSIVE;
				CLANG_WARN_UNREACHABLE_CODE = YES;
				CLANG_WARN__DUPLICATE_METHOD_MATCH = YES;
				CODE_SIGN_IDENTITY = "iPhone Developer";
				COPY_PHASE_STRIP = NO;
				DEBUG_INFORMATION_FORMAT = "dwarf-with-dsym";
				ENABLE_NS_ASSERTIONS = NO;
				ENABLE_STRICT_OBJC_MSGSEND = YES;
				GCC_C_LANGUAGE_STANDARD = gnu11;
				GCC_NO_COMMON_BLOCKS = YES;
				GCC_WARN_64_TO_32_BIT_CONVERSION = YES;
				GCC_WARN_ABOUT_RETURN_TYPE = YES_ERROR;
				GCC_WARN_UNDECLARED_SELECTOR = YES;
				GCC_WARN_UNINITIALIZED_AUTOS = YES_AGGRESSIVE;
				GCC_WARN_UNUSED_FUNCTION = YES;
				GCC_WARN_UNUSED_VARIABLE = YES;
				IPHONEOS_DEPLOYMENT_TARGET = 12.1;
				MTL_ENABLE_DEBUG_INFO = NO;
				MTL_FAST_MATH = YES;
				SDKROOT = iphoneos;
				SWIFT_COMPILATION_MODE = wholemodule;
				SWIFT_OPTIMIZATION_LEVEL = "-O";
				VALIDATE_PRODUCT = YES;
			};
			name = Release;
		};
		8605FC292282218600B27906 /* Debug */ = {
			isa = XCBuildConfiguration;
			baseConfigurationReference = F77DA52C45A0BCE4132D9BD1 /* Pods-RoutesApp.debug.xcconfig */;
			buildSettings = {
				ASSETCATALOG_COMPILER_APPICON_NAME = AppIcon;
				CODE_SIGN_STYLE = Automatic;
				DEVELOPMENT_TEAM = C9CVXCL3EV;
				INFOPLIST_FILE = RoutesApp/Info.plist;
				LD_RUNPATH_SEARCH_PATHS = (
					"$(inherited)",
					"@executable_path/Frameworks",
				);
				PRODUCT_BUNDLE_IDENTIFIER = com.meta.RoutesApp;
				PRODUCT_NAME = "$(TARGET_NAME)";
				SWIFT_VERSION = 4.2;
				TARGETED_DEVICE_FAMILY = "1,2";
			};
			name = Debug;
		};
		8605FC2A2282218600B27906 /* Release */ = {
			isa = XCBuildConfiguration;
			baseConfigurationReference = AF29C7D97703B3EAF3E34B7E /* Pods-RoutesApp.release.xcconfig */;
			buildSettings = {
				ASSETCATALOG_COMPILER_APPICON_NAME = AppIcon;
				CODE_SIGN_STYLE = Automatic;
				DEVELOPMENT_TEAM = C9CVXCL3EV;
				INFOPLIST_FILE = RoutesApp/Info.plist;
				LD_RUNPATH_SEARCH_PATHS = (
					"$(inherited)",
					"@executable_path/Frameworks",
				);
				PRODUCT_BUNDLE_IDENTIFIER = com.meta.RoutesApp;
				PRODUCT_NAME = "$(TARGET_NAME)";
				SWIFT_VERSION = 4.2;
				TARGETED_DEVICE_FAMILY = "1,2";
			};
			name = Release;
		};
/* End XCBuildConfiguration section */

/* Begin XCConfigurationList section */
		8605FC112282218400B27906 /* Build configuration list for PBXProject "RoutesApp" */ = {
			isa = XCConfigurationList;
			buildConfigurations = (
				8605FC262282218600B27906 /* Debug */,
				8605FC272282218600B27906 /* Release */,
			);
			defaultConfigurationIsVisible = 0;
			defaultConfigurationName = Release;
		};
		8605FC282282218600B27906 /* Build configuration list for PBXNativeTarget "RoutesApp" */ = {
			isa = XCConfigurationList;
			buildConfigurations = (
				8605FC292282218600B27906 /* Debug */,
				8605FC2A2282218600B27906 /* Release */,
			);
			defaultConfigurationIsVisible = 0;
			defaultConfigurationName = Release;
		};
/* End XCConfigurationList section */
	};
	rootObject = 8605FC0E2282218400B27906 /* Project object */;
}
